
Microsoft Visual Studio Solution File, Format Version 12.00
# Visual Studio Version 16
VisualStudioVersion = 16.0.29613.14
MinimumVisualStudioVersion = 10.0.40219.1
Project("{FAE04EC0-301F-11D3-BF4B-00C04F79EFBC}") = "World Skills Zadatak 1", "World Skills Zadatak 1.csproj", "{D57C0A92-4781-460F-B6C9-303816929EB7}"
EndProject
Global
	GlobalSection(SolutionConfigurationPlatforms) = preSolution
		Debug|Any CPU = Debug|Any CPU
		Release|Any CPU = Release|Any CPU
	EndGlobalSection
	GlobalSection(ProjectConfigurationPlatforms) = postSolution
		{D57C0A92-4781-460F-B6C9-303816929EB7}.Debug|Any CPU.ActiveCfg = Debug|Any CPU
		{D57C0A92-4781-460F-B6C9-303816929EB7}.Debug|Any CPU.Build.0 = Debug|Any CPU
		{D57C0A92-4781-460F-B6C9-303816929EB7}.Release|Any CPU.ActiveCfg = Release|Any CPU
		{D57C0A92-4781-460F-B6C9-303816929EB7}.Release|Any CPU.Build.0 = Release|Any CPU
	EndGlobalSection
	GlobalSection(SolutionProperties) = preSolution
		HideSolutionNode = FALSE
	EndGlobalSection
	GlobalSection(ExtensibilityGlobals) = postSolution
		SolutionGuid = {5F5A6B9C-7350-406E-9FDB-7EAC8497ACE2}
	EndGlobalSection
EndGlobal
